
Microsoft Visual Studio Solution File, Format Version 12.00
# Visual Studio 15
VisualStudioVersion = 15.0.28307.1062
MinimumVisualStudioVersion = 10.0.40219.1
Project("{8BC9CEB8-8B4A-11D0-8D11-00A0C91BC942}") = "Project7", "Project7\Project7.vcxproj", "{E63A6964-DBD7-4888-AC5F-830F77940A49}"
EndProject
Global
	GlobalSection(SolutionConfigurationPlatforms) = preSolution
		Debug|x64 = Debug|x64
		Debug|x86 = Debug|x86
		Release|x64 = Release|x64
		Release|x86 = Release|x86
	EndGlobalSection
	GlobalSection(ProjectConfigurationPlatforms) = postSolution
		{E63A6964-DBD7-4888-AC5F-830F77940A49}.Debug|x64.ActiveCfg = Debug|x64
		{E63A6964-DBD7-4888-AC5F-830F77940A49}.Debug|x64.Build.0 = Debug|x64
		{E63A6964-DBD7-4888-AC5F-830F77940A49}.Debug|x86.ActiveCfg = Debug|Win32
		{E63A6964-DBD7-4888-AC5F-830F77940A49}.Debug|x86.Build.0 = Debug|Win32
		{E63A6964-DBD7-4888-AC5F-830F77940A49}.Release|x64.ActiveCfg = Release|x64
		{E63A6964-DBD7-4888-AC5F-830F77940A49}.Release|x64.Build.0 = Release|x64
		{E63A6964-DBD7-4888-AC5F-830F77940A49}.Release|x86.ActiveCfg = Release|Win32
		{E63A6964-DBD7-4888-AC5F-830F77940A49}.Release|x86.Build.0 = Release|Win32
	EndGlobalSection
	GlobalSection(SolutionProperties) = preSolution
		HideSolutionNode = FALSE
	EndGlobalSection
	GlobalSection(ExtensibilityGlobals) = postSolution
		SolutionGuid = {A439CC78-72F0-43A4-9CE0-C4F622C18100}
	EndGlobalSection
EndGlobal
